
Microsoft Visual Studio Solution File, Format Version 12.00
# Visual Studio 14
VisualStudioVersion = 14.0.24720.0
MinimumVisualStudioVersion = 10.0.40219.1
Project("{FAE04EC0-301F-11D3-BF4B-00C04F79EFBC}") = "Singleton_01", "Singleton_01\Singleton_01.csproj", "{2A54C280-1707-4BFA-A5AD-A7CB1C6E7118}"
EndProject
Project("{FAE04EC0-301F-11D3-BF4B-00C04F79EFBC}") = "FactoryMethod", "FactoryMethod\FactoryMethod.csproj", "{68B98868-C18E-481C-91A2-1325F9BB007D}"
EndProject
Project("{FAE04EC0-301F-11D3-BF4B-00C04F79EFBC}") = "AbstractFactory", "AbstractFactory\AbstractFactory.csproj", "{322F28E6-0BBF-46C0-892D-59E373173D34}"
EndProject
Project("{FAE04EC0-301F-11D3-BF4B-00C04F79EFBC}") = "Prototype", "Prototype\Prototype.csproj", "{ADD49BF6-4C89-4F19-A1D4-F1BD62090C6E}"
EndProject
Project("{FAE04EC0-301F-11D3-BF4B-00C04F79EFBC}") = "Bulilder", "Bulilder\Bulilder.csproj", "{DC8EFA7D-48A2-4C78-A27B-2DAD0B71A1B7}"
EndProject
Global
	GlobalSection(SolutionConfigurationPlatforms) = preSolution
		Debug|Any CPU = Debug|Any CPU
		Release|Any CPU = Release|Any CPU
	EndGlobalSection
	GlobalSection(ProjectConfigurationPlatforms) = postSolution
		{2A54C280-1707-4BFA-A5AD-A7CB1C6E7118}.Debug|Any CPU.ActiveCfg = Debug|Any CPU
		{2A54C280-1707-4BFA-A5AD-A7CB1C6E7118}.Debug|Any CPU.Build.0 = Debug|Any CPU
		{2A54C280-1707-4BFA-A5AD-A7CB1C6E7118}.Release|Any CPU.ActiveCfg = Release|Any CPU
		{2A54C280-1707-4BFA-A5AD-A7CB1C6E7118}.Release|Any CPU.Build.0 = Release|Any CPU
		{68B98868-C18E-481C-91A2-1325F9BB007D}.Debug|Any CPU.ActiveCfg = Debug|Any CPU
		{68B98868-C18E-481C-91A2-1325F9BB007D}.Debug|Any CPU.Build.0 = Debug|Any CPU
		{68B98868-C18E-481C-91A2-1325F9BB007D}.Release|Any CPU.ActiveCfg = Release|Any CPU
		{68B98868-C18E-481C-91A2-1325F9BB007D}.Release|Any CPU.Build.0 = Release|Any CPU
		{322F28E6-0BBF-46C0-892D-59E373173D34}.Debug|Any CPU.ActiveCfg = Debug|Any CPU
		{322F28E6-0BBF-46C0-892D-59E373173D34}.Debug|Any CPU.Build.0 = Debug|Any CPU
		{322F28E6-0BBF-46C0-892D-59E373173D34}.Release|Any CPU.ActiveCfg = Release|Any CPU
		{322F28E6-0BBF-46C0-892D-59E373173D34}.Release|Any CPU.Build.0 = Release|Any CPU
		{ADD49BF6-4C89-4F19-A1D4-F1BD62090C6E}.Debug|Any CPU.ActiveCfg = Debug|Any CPU
		{ADD49BF6-4C89-4F19-A1D4-F1BD62090C6E}.Debug|Any CPU.Build.0 = Debug|Any CPU
		{ADD49BF6-4C89-4F19-A1D4-F1BD62090C6E}.Release|Any CPU.ActiveCfg = Release|Any CPU
		{ADD49BF6-4C89-4F19-A1D4-F1BD62090C6E}.Release|Any CPU.Build.0 = Release|Any CPU
		{DC8EFA7D-48A2-4C78-A27B-2DAD0B71A1B7}.Debug|Any CPU.ActiveCfg = Debug|Any CPU
		{DC8EFA7D-48A2-4C78-A27B-2DAD0B71A1B7}.Debug|Any CPU.Build.0 = Debug|Any CPU
		{DC8EFA7D-48A2-4C78-A27B-2DAD0B71A1B7}.Release|Any CPU.ActiveCfg = Release|Any CPU
		{DC8EFA7D-48A2-4C78-A27B-2DAD0B71A1B7}.Release|Any CPU.Build.0 = Release|Any CPU
	EndGlobalSection
	GlobalSection(SolutionProperties) = preSolution
		HideSolutionNode = FALSE
	EndGlobalSection
EndGlobal
